<?xml version="1.0" encoding="utf-8"?>
<Project ToolsVersion="4.0" xmlns="http://schemas.microsoft.com/developer/msbuild/2003">
  <ItemGroup>
    <Filter Include="ソース ファイル">
      <UniqueIdentifier>{4FC737F1-C7A5-4376-A066-2A32D752A2FF}</UniqueIdentifier>
      <Extensions>cpp;c;cc;cxx;c++;cppm;ixx;def;odl;idl;hpj;bat;asm;asmx</Extensions>
    </Filter>
    <Filter Include="ヘッダー ファイル">
      <UniqueIdentifier>{93995380-89BD-4b04-88EB-625FBE52EBFB}</UniqueIdentifier>
      <Extensions>h;hh;hpp;hxx;h++;hm;inl;inc;ipp;xsd</Extensions>
    </Filter>
    <Filter Include="リソース ファイル">
      <UniqueIdentifier>{67DA6AB6-F800-4c08-8B7A-83BB121AAD01}</UniqueIdentifier>
      <Extensions>rc;ico;cur;bmp;dlg;rc2;rct;bin;rgs;gif;jpg;jpeg;jpe;resx;tiff;tif;png;wav;mfcribbon-ms</Extensions>
    </Filter>
  </ItemGroup>
  <ItemGroup>
    <ClInclude Include="framework.h">
      <Filter>ヘッダー ファイル</Filter>
    </ClInclude>
    <ClInclude Include="pch.h">
      <Filter>ヘッダー ファイル</Filter>
    </ClInclude>
    <ClInclude Include="TrackingAction.hh">
      <Filter>ヘッダー ファイル</Filter>
    </ClInclude>
    <ClInclude Include="UserActionInitialization.hh">
      <Filter>ヘッダー ファイル</Filter>
    </ClInclude>
    <ClInclude Include="DetectorConstruction.hh">
      <Filter>ヘッダー ファイル</Filter>
    </ClInclude>
    <ClInclude Include="Export.h">
      <Filter>ヘッダー ファイル</Filter>
    </ClInclude>
    <ClInclude Include="PrimaryGeneratorAction.hh">
      <Filter>ヘッダー ファイル</Filter>
    </ClInclude>
    <ClInclude Include="RunManager.hh">
      <Filter>ヘッダー ファイル</Filter>
    </ClInclude>
    <ClInclude Include="ThreeVector.hh">
      <Filter>ヘッダー ファイル</Filter>
    </ClInclude>
    <ClInclude Include="TrajectoryPoint.hh">
      <Filter>ヘッダー ファイル</Filter>
    </ClInclude>
    <ClInclude Include="Trajectory.hh">
      <Filter>ヘッダー ファイル</Filter>
    </ClInclude>
    <ClInclude Include="Util.hh">
      <Filter>ヘッダー ファイル</Filter>
    </ClInclude>
    <ClInclude Include="RotationMatrix.hh">
      <Filter>ヘッダー ファイル</Filter>
    </ClInclude>
    <ClInclude Include="ParticleGun.hh">
      <Filter>ヘッダー ファイル</Filter>
    </ClInclude>
    <ClInclude Include="ParticleSimPhysicsList.hh">
      <Filter>ヘッダー ファイル</Filter>
    </ClInclude>
  </ItemGroup>
  <ItemGroup>
    <ClCompile Include="dllmain.cpp">
      <Filter>ソース ファイル</Filter>
    </ClCompile>
    <ClCompile Include="pch.cpp">
      <Filter>ソース ファイル</Filter>
    </ClCompile>
    <ClCompile Include="PrimaryGeneratorAction.cc">
      <Filter>ソース ファイル</Filter>
    </ClCompile>
    <ClCompile Include="RunManager.cc">
      <Filter>ソース ファイル</Filter>
    </ClCompile>
    <ClCompile Include="TrackingAction.cc">
      <Filter>ソース ファイル</Filter>
    </ClCompile>
    <ClCompile Include="UserActionInitialization.cc">
      <Filter>ソース ファイル</Filter>
    </ClCompile>
    <ClCompile Include="DetectorConstruction.cc">
      <Filter>ソース ファイル</Filter>
    </ClCompile>
    <ClCompile Include="Export.cpp">
      <Filter>ソース ファイル</Filter>
    </ClCompile>
    <ClCompile Include="Trajectory.cc">
      <Filter>ソース ファイル</Filter>
    </ClCompile>
    <ClCompile Include="ThereeVector.cc">
      <Filter>ソース ファイル</Filter>
    </ClCompile>
    <ClCompile Include="TrajectoryPoint.cc">
      <Filter>ソース ファイル</Filter>
    </ClCompile>
    <ClCompile Include="Util.cc">
      <Filter>ソース ファイル</Filter>
    </ClCompile>
    <ClCompile Include="RotationMatrix.cc">
      <Filter>ソース ファイル</Filter>
    </ClCompile>
    <ClCompile Include="ParticleGun.cc">
      <Filter>ソース ファイル</Filter>
    </ClCompile>
    <ClCompile Include="ParticleSimPhysicsList.cc">
      <Filter>ソース ファイル</Filter>
    </ClCompile>
  </ItemGroup>
</Project>